// !$*UTF8*$!
{
	archiveVersion = 1;
	classes = {
	};
	objectVersion = 77;
	objects = {

/* Begin PBXContainerItemProxy section */
		75151F2D2CFE1199006E7B2A /* PBXContainerItemProxy */ = {
			isa = PBXContainerItemProxy;
			containerPortal = 75151F142CFE1195006E7B2A /* Project object */;
			proxyType = 1;
			remoteGlobalIDString = 75151F1B2CFE1195006E7B2A;
			remoteInfo = LanguageLearningApp;
		};
		75151F372CFE1199006E7B2A /* PBXContainerItemProxy */ = {
			isa = PBXContainerItemProxy;
			containerPortal = 75151F142CFE1195006E7B2A /* Project object */;
			proxyType = 1;
			remoteGlobalIDString = 75151F1B2CFE1195006E7B2A;
			remoteInfo = LanguageLearningApp;
		};
/* End PBXContainerItemProxy section */

/* Begin PBXFileReference section */
		75151F1C2CFE1195006E7B2A /* LanguageLearningApp.app */ = {isa = PBXFileReference; explicitFileType = wrapper.application; includeInIndex = 0; path = LanguageLearningApp.app; sourceTree = BUILT_PRODUCTS_DIR; };
		75151F2C2CFE1199006E7B2A /* LanguageLearningAppTests.xctest */ = {isa = PBXFileReference; explicitFileType = wrapper.cfbundle; includeInIndex = 0; path = LanguageLearningAppTests.xctest; sourceTree = BUILT_PRODUCTS_DIR; };
		75151F362CFE1199006E7B2A /* LanguageLearningAppUITests.xctest */ = {isa = PBXFileReference; explicitFileType = wrapper.cfbundle; includeInIndex = 0; path = LanguageLearningAppUITests.xctest; sourceTree = BUILT_PRODUCTS_DIR; };
/* End PBXFileReference section */

/* Begin PBXFileSystemSynchronizedRootGroup section */
		75151F1E2CFE1195006E7B2A /* LanguageLearningApp */ = {
			isa = PBXFileSystemSynchronizedRootGroup;
			path = LanguageLearningApp;
			sourceTree = "<group>";
		};
		75151F2F2CFE1199006E7B2A /* LanguageLearningAppTests */ = {
			isa = PBXFileSystemSynchronizedRootGroup;
			path = LanguageLearningAppTests;
			sourceTree = "<group>";
		};
		75151F392CFE1199006E7B2A /* LanguageLearningAppUITests */ = {
			isa = PBXFileSystemSynchronizedRootGroup;
			path = LanguageLearningAppUITests;
			sourceTree = "<group>";
		};
/* End PBXFileSystemSynchronizedRootGroup section */

/* Begin PBXFrameworksBuildPhase section */
		75151F192CFE1195006E7B2A /* Frameworks */ = {
			isa = PBXFrameworksBuildPhase;
			buildActionMask = 2147483647;
			files = (
			);
			runOnlyForDeploymentPostprocessing = 0;
		};
		75151F292CFE1199006E7B2A /* Frameworks */ = {
			isa = PBXFrameworksBuildPhase;
			buildActionMask = 2147483647;
			files = (
			);
			runOnlyForDeploymentPostprocessing = 0;
		};
		75151F332CFE1199006E7B2A /* Frameworks */ = {
			isa = PBXFrameworksBuildPhase;
			buildActionMask = 2147483647;
			files = (
			);
			runOnlyForDeploymentPostprocessing = 0;
		};
/* End PBXFrameworksBuildPhase section */

/* Begin PBXGroup section */
		75151F132CFE1195006E7B2A = {
			isa = PBXGroup;
			children = (
				75151F1E2CFE1195006E7B2A /* LanguageLearningApp */,
				75151F2F2CFE1199006E7B2A /* LanguageLearningAppTests */,
				75151F392CFE1199006E7B2A /* LanguageLearningAppUITests */,
				75151F1D2CFE1195006E7B2A /* Products */,
			);
			sourceTree = "<group>";
		};
		75151F1D2CFE1195006E7B2A /* Products */ = {
			isa = PBXGroup;
			children = (
				75151F1C2CFE1195006E7B2A /* LanguageLearningApp.app */,
				75151F2C2CFE1199006E7B2A /* LanguageLearningAppTests.xctest */,
				75151F362CFE1199006E7B2A /* LanguageLearningAppUITests.xctest */,
			);
			name = Products;
			sourceTree = "<group>";
		};
/* End PBXGroup section */

/* Begin PBXNativeTarget section */
		75151F1B2CFE1195006E7B2A /* LanguageLearningApp */ = {
			isa = PBXNativeTarget;
			buildConfigurationList = 75151F402CFE1199006E7B2A /* Build configuration list for PBXNativeTarget "LanguageLearningApp" */;
			buildPhases = (
				75151F182CFE1195006E7B2A /* Sources */,
				75151F192CFE1195006E7B2A /* Frameworks */,
				75151F1A2CFE1195006E7B2A /* Resources */,
			);
			buildRules = (
			);
			dependencies = (
			);
			fileSystemSynchronizedGroups = (
				75151F1E2CFE1195006E7B2A /* LanguageLearningApp */,
			);
			name = LanguageLearningApp;
			packageProductDependencies = (
			);
			productName = LanguageLearningApp;
			productReference = 75151F1C2CFE1195006E7B2A /* LanguageLearningApp.app */;
			productType = "com.apple.product-type.application";
		};
		75151F2B2CFE1199006E7B2A /* LanguageLearningAppTests */ = {
			isa = PBXNativeTarget;
			buildConfigurationList = 75151F432CFE1199006E7B2A /* Build configuration list for PBXNativeTarget "LanguageLearningAppTests" */;
			buildPhases = (
				75151F282CFE1199006E7B2A /* Sources */,
				75151F292CFE1199006E7B2A /* Frameworks */,
				75151F2A2CFE1199006E7B2A /* Resources */,
			);
			buildRules = (
			);
			dependencies = (
				75151F2E2CFE1199006E7B2A /* PBXTargetDependency */,
			);
			fileSystemSynchronizedGroups = (
				75151F2F2CFE1199006E7B2A /* LanguageLearningAppTests */,
			);
			name = LanguageLearningAppTests;
			packageProductDependencies = (
			);
			productName = LanguageLearningAppTests;
			productReference = 75151F2C2CFE1199006E7B2A /* LanguageLearningAppTests.xctest */;
			productType = "com.apple.product-type.bundle.unit-test";
		};
		75151F352CFE1199006E7B2A /* LanguageLearningAppUITests */ = {
			isa = PBXNativeTarget;
			buildConfigurationList = 75151F462CFE1199006E7B2A /* Build configuration list for PBXNativeTarget "LanguageLearningAppUITests" */;
			buildPhases = (
				75151F322CFE1199006E7B2A /* Sources */,
				75151F332CFE1199006E7B2A /* Frameworks */,
				75151F342CFE1199006E7B2A /* Resources */,
			);
			buildRules = (
			);
			dependencies = (
				75151F382CFE1199006E7B2A /* PBXTargetDependency */,
			);
			fileSystemSynchronizedGroups = (
				75151F392CFE1199006E7B2A /* LanguageLearningAppUITests */,
			);
			name = LanguageLearningAppUITests;
			packageProductDependencies = (
			);
			productName = LanguageLearningAppUITests;
			productReference = 75151F362CFE1199006E7B2A /* LanguageLearningAppUITests.xctest */;
			productType = "com.apple.product-type.bundle.ui-testing";
		};
/* End PBXNativeTarget section */

/* Begin PBXProject section */
		75151F142CFE1195006E7B2A /* Project object */ = {
			isa = PBXProject;
			attributes = {
				BuildIndependentTargetsInParallel = 1;
				LastSwiftUpdateCheck = 1610;
				LastUpgradeCheck = 1610;
				TargetAttributes = {
					75151F1B2CFE1195006E7B2A = {
						CreatedOnToolsVersion = 16.1;
					};
					75151F2B2CFE1199006E7B2A = {
						CreatedOnToolsVersion = 16.1;
						TestTargetID = 75151F1B2CFE1195006E7B2A;
					};
					75151F352CFE1199006E7B2A = {
						CreatedOnToolsVersion = 16.1;
						TestTargetID = 75151F1B2CFE1195006E7B2A;
					};
				};
			};
			buildConfigurationList = 75151F172CFE1195006E7B2A /* Build configuration list for PBXProject "LanguageLearningApp" */;
			developmentRegion = en;
			hasScannedForEncodings = 0;
			knownRegions = (
				en,
				Base,
			);
			mainGroup = 75151F132CFE1195006E7B2A;
			minimizedProjectReferenceProxies = 1;
			preferredProjectObjectVersion = 77;
			productRefGroup = 75151F1D2CFE1195006E7B2A /* Products */;
			projectDirPath = "";
			projectRoot = "";
			targets = (
				75151F1B2CFE1195006E7B2A /* LanguageLearningApp */,
				75151F2B2CFE1199006E7B2A /* LanguageLearningAppTests */,
				75151F352CFE1199006E7B2A /* LanguageLearningAppUITests */,
			);
		};
/* End PBXProject section */

/* Begin PBXResourcesBuildPhase section */
		75151F1A2CFE1195006E7B2A /* Resources */ = {
			isa = PBXResourcesBuildPhase;
			buildActionMask = 2147483647;
			files = (
			);
			runOnlyForDeploymentPostprocessing = 0;
		};
		75151F2A2CFE1199006E7B2A /* Resources */ = {
			isa = PBXResourcesBuildPhase;
			buildActionMask = 2147483647;
			files = (
			);
			runOnlyForDeploymentPostprocessing = 0;
		};
		75151F342CFE1199006E7B2A /* Resources */ = {
			isa = PBXResourcesBuildPhase;
			buildActionMask = 2147483647;
			files = (
			);
			runOnlyForDeploymentPostprocessing = 0;
		};
/* End PBXResourcesBuildPhase section */

/* Begin PBXSourcesBuildPhase section */
		75151F182CFE1195006E7B2A /* Sources */ = {
			isa = PBXSourcesBuildPhase;
			buildActionMask = 2147483647;
			files = (
			);
			runOnlyForDeploymentPostprocessing = 0;
		};
		75151F282CFE1199006E7B2A /* Sources */ = {
			isa = PBXSourcesBuildPhase;
			buildActionMask = 2147483647;
			files = (
			);
			runOnlyForDeploymentPostprocessing = 0;
		};
		75151F322CFE1199006E7B2A /* Sources */ = {
			isa = PBXSourcesBuildPhase;
			buildActionMask = 2147483647;
			files = (
			);
			runOnlyForDeploymentPostprocessing = 0;
		};
/* End PBXSourcesBuildPhase section */

/* Begin PBXTargetDependency section */
		75151F2E2CFE1199006E7B2A /* PBXTargetDependency */ = {
			isa = PBXTargetDependency;
			target = 75151F1B2CFE1195006E7B2A /* LanguageLearningApp */;
			targetProxy = 75151F2D2CFE1199006E7B2A /* PBXContainerItemProxy */;
		};
		75151F382CFE1199006E7B2A /* PBXTargetDependency */ = {
			isa = PBXTargetDependency;
			target = 75151F1B2CFE1195006E7B2A /* LanguageLearningApp */;
			targetProxy = 75151F372CFE1199006E7B2A /* PBXContainerItemProxy */;
		};
/* End PBXTargetDependency section */

/* Begin XCBuildConfiguration section */
		75151F3E2CFE1199006E7B2A /* Debug */ = {
			isa = XCBuildConfiguration;
			buildSettings = {
				ALWAYS_SEARCH_USER_PATHS = NO;
				ASSETCATALOG_COMPILER_GENERATE_SWIFT_ASSET_SYMBOL_EXTENSIONS = YES;
				CLANG_ANALYZER_NONNULL = YES;
				CLANG_ANALYZER_NUMBER_OBJECT_CONVERSION = YES_AGGRESSIVE;
				CLANG_CXX_LANGUAGE_STANDARD = "gnu++20";
				CLANG_ENABLE_MODULES = YES;
				CLANG_ENABLE_OBJC_ARC = YES;
				CLANG_ENABLE_OBJC_WEAK = YES;
				CLANG_WARN_BLOCK_CAPTURE_AUTORELEASING = YES;
				CLANG_WARN_BOOL_CONVERSION = YES;
				CLANG_WARN_COMMA = YES;
				CLANG_WARN_CONSTANT_CONVERSION = YES;
				CLANG_WARN_DEPRECATED_OBJC_IMPLEMENTATIONS = YES;
				CLANG_WARN_DIRECT_OBJC_ISA_USAGE = YES_ERROR;
				CLANG_WARN_DOCUMENTATION_COMMENTS = YES;
				CLANG_WARN_EMPTY_BODY = YES;
				CLANG_WARN_ENUM_CONVERSION = YES;
				CLANG_WARN_INFINITE_RECURSION = YES;
				CLANG_WARN_INT_CONVERSION = YES;
				CLANG_WARN_NON_LITERAL_NULL_CONVERSION = YES;
				CLANG_WARN_OBJC_IMPLICIT_RETAIN_SELF = YES;
				CLANG_WARN_OBJC_LITERAL_CONVERSION = YES;
				CLANG_WARN_OBJC_ROOT_CLASS = YES_ERROR;
				CLANG_WARN_QUOTED_INCLUDE_IN_FRAMEWORK_HEADER = YES;
				CLANG_WARN_RANGE_LOOP_ANALYSIS = YES;
				CLANG_WARN_STRICT_PROTOTYPES = YES;
				CLANG_WARN_SUSPICIOUS_MOVE = YES;
				CLANG_WARN_UNGUARDED_AVAILABILITY = YES_AGGRESSIVE;
				CLANG_WARN_UNREACHABLE_CODE = YES;
				CLANG_WARN__DUPLICATE_METHOD_MATCH = YES;
				COPY_PHASE_STRIP = NO;
				DEBUG_INFORMATION_FORMAT = dwarf;
				ENABLE_STRICT_OBJC_MSGSEND = YES;
				ENABLE_TESTABILITY = YES;
				ENABLE_USER_SCRIPT_SANDBOXING = YES;
				GCC_C_LANGUAGE_STANDARD = gnu17;
				GCC_DYNAMIC_NO_PIC = NO;
				GCC_NO_COMMON_BLOCKS = YES;
				GCC_OPTIMIZATION_LEVEL = 0;
				GCC_PREPROCESSOR_DEFINITIONS = (
					"DEBUG=1",
					"$(inherited)",
				);
				GCC_WARN_64_TO_32_BIT_CONVERSION = YES;
				GCC_WARN_ABOUT_RETURN_TYPE = YES_ERROR;
				GCC_WARN_UNDECLARED_SELECTOR = YES;
				GCC_WARN_UNINITIALIZED_AUTOS = YES_AGGRESSIVE;
				GCC_WARN_UNUSED_FUNCTION = YES;
				GCC_WARN_UNUSED_VARIABLE = YES;
				IPHONEOS_DEPLOYMENT_TARGET = 18.1;
				LOCALIZATION_PREFERS_STRING_CATALOGS = YES;
				MTL_ENABLE_DEBUG_INFO = INCLUDE_SOURCE;
				MTL_FAST_MATH = YES;
				ONLY_ACTIVE_ARCH = YES;
				SDKROOT = iphoneos;
				SWIFT_ACTIVE_COMPILATION_CONDITIONS = "DEBUG $(inherited)";
				SWIFT_OPTIMIZATION_LEVEL = "-Onone";
			};
			name = Debug;
		};
		75151F3F2CFE1199006E7B2A /* Release */ = {
			isa = XCBuildConfiguration;
			buildSettings = {
				ALWAYS_SEARCH_USER_PATHS = NO;
				ASSETCATALOG_COMPILER_GENERATE_SWIFT_ASSET_SYMBOL_EXTENSIONS = YES;
				CLANG_ANALYZER_NONNULL = YES;
				CLANG_ANALYZER_NUMBER_OBJECT_CONVERSION = YES_AGGRESSIVE;
				CLANG_CXX_LANGUAGE_STANDARD = "gnu++20";
				CLANG_ENABLE_MODULES = YES;
				CLANG_ENABLE_OBJC_ARC = YES;
				CLANG_ENABLE_OBJC_WEAK = YES;
				CLANG_WARN_BLOCK_CAPTURE_AUTORELEASING = YES;
				CLANG_WARN_BOOL_CONVERSION = YES;
				CLANG_WARN_COMMA = YES;
				CLANG_WARN_CONSTANT_CONVERSION = YES;
				CLANG_WARN_DEPRECATED_OBJC_IMPLEMENTATIONS = YES;
				CLANG_WARN_DIRECT_OBJC_ISA_USAGE = YES_ERROR;
				CLANG_WARN_DOCUMENTATION_COMMENTS = YES;
				CLANG_WARN_EMPTY_BODY = YES;
				CLANG_WARN_ENUM_CONVERSION = YES;
				CLANG_WARN_INFINITE_RECURSION = YES;
				CLANG_WARN_INT_CONVERSION = YES;
				CLANG_WARN_NON_LITERAL_NULL_CONVERSION = YES;
				CLANG_WARN_OBJC_IMPLICIT_RETAIN_SELF = YES;
				CLANG_WARN_OBJC_LITERAL_CONVERSION = YES;
				CLANG_WARN_OBJC_ROOT_CLASS = YES_ERROR;
				CLANG_WARN_QUOTED_INCLUDE_IN_FRAMEWORK_HEADER = YES;
				CLANG_WARN_RANGE_LOOP_ANALYSIS = YES;
				CLANG_WARN_STRICT_PROTOTYPES = YES;
				CLANG_WARN_SUSPICIOUS_MOVE = YES;
				CLANG_WARN_UNGUARDED_AVAILABILITY = YES_AGGRESSIVE;
				CLANG_WARN_UNREACHABLE_CODE = YES;
				CLANG_WARN__DUPLICATE_METHOD_MATCH = YES;
				COPY_PHASE_STRIP = NO;
				DEBUG_INFORMATION_FORMAT = "dwarf-with-dsym";
				ENABLE_NS_ASSERTIONS = NO;
				ENABLE_STRICT_OBJC_MSGSEND = YES;
				ENABLE_USER_SCRIPT_SANDBOXING = YES;
				GCC_C_LANGUAGE_STANDARD = gnu17;
				GCC_NO_COMMON_BLOCKS = YES;
				GCC_WARN_64_TO_32_BIT_CONVERSION = YES;
				GCC_WARN_ABOUT_RETURN_TYPE = YES_ERROR;
				GCC_WARN_UNDECLARED_SELECTOR = YES;
				GCC_WARN_UNINITIALIZED_AUTOS = YES_AGGRESSIVE;
				GCC_WARN_UNUSED_FUNCTION = YES;
				GCC_WARN_UNUSED_VARIABLE = YES;
				IPHONEOS_DEPLOYMENT_TARGET = 18.1;
				LOCALIZATION_PREFERS_STRING_CATALOGS = YES;
				MTL_ENABLE_DEBUG_INFO = NO;
				MTL_FAST_MATH = YES;
				SDKROOT = iphoneos;
				SWIFT_COMPILATION_MODE = wholemodule;
				VALIDATE_PRODUCT = YES;
			};
			name = Release;
		};
		75151F412CFE1199006E7B2A /* Debug */ = {
			isa = XCBuildConfiguration;
			buildSettings = {
				ASSETCATALOG_COMPILER_APPICON_NAME = AppIcon;
				ASSETCATALOG_COMPILER_GLOBAL_ACCENT_COLOR_NAME = AccentColor;
				CODE_SIGN_STYLE = Automatic;
				CURRENT_PROJECT_VERSION = 1;
				DEVELOPMENT_ASSET_PATHS = "\"LanguageLearningApp/Preview Content\"";
				ENABLE_PREVIEWS = YES;
				GENERATE_INFOPLIST_FILE = YES;
				INFOPLIST_KEY_UIApplicationSceneManifest_Generation = YES;
				INFOPLIST_KEY_UIApplicationSupportsIndirectInputEvents = YES;
				INFOPLIST_KEY_UILaunchScreen_Generation = YES;
				INFOPLIST_KEY_UISupportedInterfaceOrientations_iPad = "UIInterfaceOrientationPortrait UIInterfaceOrientationPortraitUpsideDown UIInterfaceOrientationLandscapeLeft UIInterfaceOrientationLandscapeRight";
				INFOPLIST_KEY_UISupportedInterfaceOrientations_iPhone = "UIInterfaceOrientationPortrait UIInterfaceOrientationLandscapeLeft UIInterfaceOrientationLandscapeRight";
				LD_RUNPATH_SEARCH_PATHS = (
					"$(inherited)",
					"@executable_path/Frameworks",
				);
				MARKETING_VERSION = 1.0;
				PRODUCT_BUNDLE_IDENTIFIER = farydrop.LanguageLearningApp;
				PRODUCT_NAME = "$(TARGET_NAME)";
				SWIFT_EMIT_LOC_STRINGS = YES;
				SWIFT_VERSION = 5.0;
				TARGETED_DEVICE_FAMILY = "1,2";
			};
			name = Debug;
		};
		75151F422CFE1199006E7B2A /* Release */ = {
			isa = XCBuildConfiguration;
			buildSettings = {
				ASSETCATALOG_COMPILER_APPICON_NAME = AppIcon;
				ASSETCATALOG_COMPILER_GLOBAL_ACCENT_COLOR_NAME = AccentColor;
				CODE_SIGN_STYLE = Automatic;
				CURRENT_PROJECT_VERSION = 1;
				DEVELOPMENT_ASSET_PATHS = "\"LanguageLearningApp/Preview Content\"";
				ENABLE_PREVIEWS = YES;
				GENERATE_INFOPLIST_FILE = YES;
				INFOPLIST_KEY_UIApplicationSceneManifest_Generation = YES;
				INFOPLIST_KEY_UIApplicationSupportsIndirectInputEvents = YES;
				INFOPLIST_KEY_UILaunchScreen_Generation = YES;
				INFOPLIST_KEY_UISupportedInterfaceOrientations_iPad = "UIInterfaceOrientationPortrait UIInterfaceOrientationPortraitUpsideDown UIInterfaceOrientationLandscapeLeft UIInterfaceOrientationLandscapeRight";
				INFOPLIST_KEY_UISupportedInterfaceOrientations_iPhone = "UIInterfaceOrientationPortrait UIInterfaceOrientationLandscapeLeft UIInterfaceOrientationLandscapeRight";
				LD_RUNPATH_SEARCH_PATHS = (
					"$(inherited)",
					"@executable_path/Frameworks",
				);
				MARKETING_VERSION = 1.0;
				PRODUCT_BUNDLE_IDENTIFIER = farydrop.LanguageLearningApp;
				PRODUCT_NAME = "$(TARGET_NAME)";
				SWIFT_EMIT_LOC_STRINGS = YES;
				SWIFT_VERSION = 5.0;
				TARGETED_DEVICE_FAMILY = "1,2";
			};
			name = Release;
		};
		75151F442CFE1199006E7B2A /* Debug */ = {
			isa = XCBuildConfiguration;
			buildSettings = {
				BUNDLE_LOADER = "$(TEST_HOST)";
				CODE_SIGN_STYLE = Automatic;
				CURRENT_PROJECT_VERSION = 1;
				GENERATE_INFOPLIST_FILE = YES;
				IPHONEOS_DEPLOYMENT_TARGET = 18.1;
				MARKETING_VERSION = 1.0;
				PRODUCT_BUNDLE_IDENTIFIER = farydrop.LanguageLearningAppTests;
				PRODUCT_NAME = "$(TARGET_NAME)";
				SWIFT_EMIT_LOC_STRINGS = NO;
				SWIFT_VERSION = 5.0;
				TARGETED_DEVICE_FAMILY = "1,2";
				TEST_HOST = "$(BUILT_PRODUCTS_DIR)/LanguageLearningApp.app/$(BUNDLE_EXECUTABLE_FOLDER_PATH)/LanguageLearningApp";
			};
			name = Debug;
		};
		75151F452CFE1199006E7B2A /* Release */ = {
			isa = XCBuildConfiguration;
			buildSettings = {
				BUNDLE_LOADER = "$(TEST_HOST)";
				CODE_SIGN_STYLE = Automatic;
				CURRENT_PROJECT_VERSION = 1;
				GENERATE_INFOPLIST_FILE = YES;
				IPHONEOS_DEPLOYMENT_TARGET = 18.1;
				MARKETING_VERSION = 1.0;
				PRODUCT_BUNDLE_IDENTIFIER = farydrop.LanguageLearningAppTests;
				PRODUCT_NAME = "$(TARGET_NAME)";
				SWIFT_EMIT_LOC_STRINGS = NO;
				SWIFT_VERSION = 5.0;
				TARGETED_DEVICE_FAMILY = "1,2";
				TEST_HOST = "$(BUILT_PRODUCTS_DIR)/LanguageLearningApp.app/$(BUNDLE_EXECUTABLE_FOLDER_PATH)/LanguageLearningApp";
			};
			name = Release;
		};
		75151F472CFE1199006E7B2A /* Debug */ = {
			isa = XCBuildConfiguration;
			buildSettings = {
				CODE_SIGN_STYLE = Automatic;
				CURRENT_PROJECT_VERSION = 1;
				GENERATE_INFOPLIST_FILE = YES;
				MARKETING_VERSION = 1.0;
				PRODUCT_BUNDLE_IDENTIFIER = farydrop.LanguageLearningAppUITests;
				PRODUCT_NAME = "$(TARGET_NAME)";
				SWIFT_EMIT_LOC_STRINGS = NO;
				SWIFT_VERSION = 5.0;
				TARGETED_DEVICE_FAMILY = "1,2";
				TEST_TARGET_NAME = LanguageLearningApp;
			};
			name = Debug;
		};
		75151F482CFE1199006E7B2A /* Release */ = {
			isa = XCBuildConfiguration;
			buildSettings = {
				CODE_SIGN_STYLE = Automatic;
				CURRENT_PROJECT_VERSION = 1;
				GENERATE_INFOPLIST_FILE = YES;
				MARKETING_VERSION = 1.0;
				PRODUCT_BUNDLE_IDENTIFIER = farydrop.LanguageLearningAppUITests;
				PRODUCT_NAME = "$(TARGET_NAME)";
				SWIFT_EMIT_LOC_STRINGS = NO;
				SWIFT_VERSION = 5.0;
				TARGETED_DEVICE_FAMILY = "1,2";
				TEST_TARGET_NAME = LanguageLearningApp;
			};
			name = Release;
		};
/* End XCBuildConfiguration section */

/* Begin XCConfigurationList section */
		75151F172CFE1195006E7B2A /* Build configuration list for PBXProject "LanguageLearningApp" */ = {
			isa = XCConfigurationList;
			buildConfigurations = (
				75151F3E2CFE1199006E7B2A /* Debug */,
				75151F3F2CFE1199006E7B2A /* Release */,
			);
			defaultConfigurationIsVisible = 0;
			defaultConfigurationName = Release;
		};
		75151F402CFE1199006E7B2A /* Build configuration list for PBXNativeTarget "LanguageLearningApp" */ = {
			isa = XCConfigurationList;
			buildConfigurations = (
				75151F412CFE1199006E7B2A /* Debug */,
				75151F422CFE1199006E7B2A /* Release */,
			);
			defaultConfigurationIsVisible = 0;
			defaultConfigurationName = Release;
		};
		75151F432CFE1199006E7B2A /* Build configuration list for PBXNativeTarget "LanguageLearningAppTests" */ = {
			isa = XCConfigurationList;
			buildConfigurations = (
				75151F442CFE1199006E7B2A /* Debug */,
				75151F452CFE1199006E7B2A /* Release */,
			);
			defaultConfigurationIsVisible = 0;
			defaultConfigurationName = Release;
		};
		75151F462CFE1199006E7B2A /* Build configuration list for PBXNativeTarget "LanguageLearningAppUITests" */ = {
			isa = XCConfigurationList;
			buildConfigurations = (
				75151F472CFE1199006E7B2A /* Debug */,
				75151F482CFE1199006E7B2A /* Release */,
			);
			defaultConfigurationIsVisible = 0;
			defaultConfigurationName = Release;
		};
/* End XCConfigurationList section */
	};
	rootObject = 75151F142CFE1195006E7B2A /* Project object */;
}
